azul3d.org/engine v0.0.0-20180624221640-25c8eab2d474 h1:HrLWoqa15YkXa5jtwSRy7mEmmO9ZOPEFe0uMNmH+iyI=
azul3d.org/engine v0.0.0-20180624221640-25c8eab2d474/go.mod h1:3y1cwzJTKvXXop+EAg+AUVfNm3bfHf3djeX+l1UBuUE=
github.com/AllenDang/w32 v0.0.0-20180428130237-ad0a36d80adc h1:w3fW4b1hPf6/cfdQQ/vu9V8eBeQmuLZIaUMj81nIzYQ=
github.com/AllenDang/w32 v0.0.0-20180428130237-ad0a36d80adc/go.mod h1:1rHKulT5eD2DzdKxDXUZRKtBfkTzLmTL42ZmEmOfyrs=
github.com/MarinX/keylogger v0.0.0-20200818111051-af3ca74c8049 h1:WrT3XOoKPwbjDToVSOX3VbhUo2sLM3tFvdZ5IDBvRs8=
github.com/MarinX/keylogger v0.0.0-20200818111051-af3ca74c8049/go.mod h1:7E8WmBHb+Cc2xhvPzcfiXiAuIBN0lkQJrwEBMFMykfM=
github.com/SaturnsVoid/Windows-KeyLogger v0.0.0-20181128052253-8a39cdad4eed h1:Q0ZcSyjmuRqnJuPpTyJALt7c2/ZyLliDRwSQyC4mwTI=
github.com/SaturnsVoid/Windows-KeyLogger v0.0.0-20181128052253-8a39cdad4eed/go.mod h1:LcYhcM5x1vqOMFHzoqYOU37uRO1Ji/pgls7pYrU8dsQ=
github.com/TheTitanrain/w32 v0.0.0-20200114052255-2654d97dbd3d h1:2xp1BQbqcDDaikHnASWpVZRjibOxu7y9LhAv04whugI=
github.com/TheTitanrain/w32 v0.0.0-20200114052255-2654d97dbd3d/go.mod h1:peYoMncQljjNS6tZwI9WVyQB3qZS6u79/N3mBOcnd3I=
github.com/charmbracelet/bubbletea v0.11.1 h1:A+1+YqYN0j/ghKfGZ27LJo+Vg80fGDP+MTudHO56t2o=
github.com/charmbracelet/bubbletea v0.11.1/go.mod h1:3gZkYELUOiEUOp0bTInkxguucy/xRbGSOcbMs1geLxg=
github.com/containerd/console v1.0.1 h1:u7SFAJyRqWcG6ogaMAx3KjSTy1e3hT9QxqX7Jco7dRc=
github.com/containerd/console v1.0.1/go.mod h1:XUsP6YE/mKtz6bxc+I8UiKKTP04qjQL4qcS3XoQ5xkw=
github.com/davecgh/go-spew v1.1.1/go.mod h1:J7Y8YcW2NihsgmVo/mv3lAwl/skON4iLHjSsI+c5H38=
github.com/google/goterm v0.0.0-20190703233501-fc88cf888a3f/go.mod h1:nOFQdrUlIlx6M6ODdSpBj1NVA+VgLC6kmw60mkw34H4=
github.com/kindlyfire/go-keylogger v0.0.0-20180814110756-f2fda1034e3a h1:voOYoZK6Ae5yoUNDQT7KY08khmIpVwcYq7Dy4O8V/9k=
github.com/kindlyfire/go-keylogger v0.0.0-20180814110756-f2fda1034e3a/go.mod h1:W5lazHtmJQ7GsSZfHeb/CwcYNbY7fFKRcx/kD8jFlzQ=
github.com/lucasb-eyer/go-colorful v1.0.3 h1:QIbQXiugsb+q10B+MI+7DI1oQLdmnep86tWFlaaUAac=
github.com/lucasb-eyer/go-colorful v1.0.3/go.mod h1:R4dSotOR9KMtayYi1e77YzuveK+i7ruzyGqttikkLy0=
github.com/mattn/go-isatty v0.0.12 h1:wuysRhFDzyxgEmMf5xjvJ2M9dZoWAXNNr5LSBS7uHXY=
github.com/mattn/go-isatty v0.0.12/go.mod h1:cbi8OIDigv2wuxKPP5vlRcQ1OAZbq2CE4Kysco4FUpU=
github.com/mattn/go-runewidth v0.0.9 h1:Lm995f3rfxdpd6TSmuVCHVb/QhupuXlYr8sCI/QdE+0=
github.com/mattn/go-runewidth v0.0.9/go.mod h1:H031xJmbD/WCDINGzjvQ9THkh0rPKHF+m2gUSrubnMI=
github.com/muesli/termenv v0.7.2 h1:r1raklL3uKE7rOvWgSenmEm2px+dnc33OTisZ8YR1fw=
github.com/muesli/termenv v0.7.2/go.mod h1:ct2L5N2lmix82RaY3bMWwVu/jUFc9Ule0KGDCiKYPh8=
github.com/nsf/termbox-go v0.0.0-20200418040025-38ba6e5628f1 h1:lh3PyZvY+B9nFliSGTn5uFuqQQJGuNrD0MLCokv09ag=
github.com/nsf/termbox-go v0.0.0-20200418040025-38ba6e5628f1/go.mod h1:IuKpRQcYE1Tfu+oAQqaLisqDeXgjyyltCfsaoYN18NQ=
github.com/pkg/errors v0.9.1 h1:FEBLx1zS214owpjy7qsBeixbURkuhQAwrK5UwLGTwt4=
github.com/pkg/errors v0.9.1/go.mod h1:bwawxfHBFNV+L2hUp1rHADufV3IMtnDRdf1r5NINEl0=
github.com/pmezard/go-difflib v1.0.0/go.mod h1:iKH77koFhYxTK1pcRnkKkqfTogsbg7gZNVY4sRDYZ/4=
github.com/rthornton128/goncurses v0.0.0-20200912145604-92ce130a4336 h1:kUHPGIDbUaFjJMofwCrebM9VwvZsbXGMXcoj7t/GPbE=
github.com/rthornton128/goncurses v0.0.0-20200912145604-92ce130a4336/go.mod h1:UJ0xTyAoIn5cLIoYfHypjSrlXPqVzJfjPSWj3nr9qmc=
github.com/shirou/w32 v0.0.0-20160930032740-bb4de0191aa4 h1:udFKJ0aHUL60LboW/A+DfgoHVedieIzIXE8uylPue0U=
github.com/shirou/w32 v0.0.0-20160930032740-bb4de0191aa4/go.mod h1:qsXQc7+bwAM3Q1u/4XEfrquwF8Lw7D7y5cD8CuHnfIc=
github.com/sirupsen/logrus v1.7.0 h1:ShrD1U9pZB12TX0cVy0DtePoCH97K8EtX+mg7ZARUtM=
github.com/sirupsen/logrus v1.7.0/go.mod h1:yWOB1SBYBC5VeMP7gHvWumXLIWorT60ONWic61uBYv0=
github.com/stretchr/testify v1.2.2/go.mod h1:a8OnRcib4nhh0OaRAV+Yts87kKdq0PP7pXfy6kDkUVs=
golang.org/x/crypto v0.0.0-20190308221718-c2843e01d9a2/go.mod h1:djNgcEr1/C05ACkg1iLfiJU5Ep61QUkGW8qpdssI0+w=
golang.org/x/crypto v0.0.0-20201012173705-84dcc777aaee h1:4yd7jl+vXjalO5ztz6Vc1VADv+S/80LGJmyl1ROJ2AI=
golang.org/x/crypto v0.0.0-20201012173705-84dcc777aaee/go.mod h1:LzIPMQfyMNhhGPhUkYOs5KpL4U8rLKemX1yGLhDgUto=
golang.org/x/net v0.0.0-20190404232315-eb5bcb51f2a3/go.mod h1:t9HGtf8HONx5eT2rtn7q6eTqICYqUVnKs3thJo3Qplg=
golang.org/x/sys v0.0.0-20190215142949-d0b11bdaac8a/go.mod h1:STP8DvDyc/dI5b8T5hshtkjS+E42TnysNCUPdjciGhY=
golang.org/x/sys v0.0.0-20190412213103-97732733099d/go.mod h1:h1NjWce9XRLGQEsW7wpKNCjG9DtNlClVuFLEZdDNbEs=
golang.org/x/sys v0.0.0-20191026070338-33540a1f6037/go.mod h1:h1NjWce9XRLGQEsW7wpKNCjG9DtNlClVuFLEZdDNbEs=
golang.org/x/sys v0.0.0-20200116001909-b77594299b42/go.mod h1:h1NjWce9XRLGQEsW7wpKNCjG9DtNlClVuFLEZdDNbEs=
golang.org/x/sys v0.0.0-20200916030750-2334cc1a136f/go.mod h1:h1NjWce9XRLGQEsW7wpKNCjG9DtNlClVuFLEZdDNbEs=
golang.org/x/sys v0.0.0-20201009025420-dfb3f7c4e634 h1:bNEHhJCnrwMKNMmOx3yAynp5vs5/gRy+XWFtZFu7NBM=
golang.org/x/sys v0.0.0-20201009025420-dfb3f7c4e634/go.mod h1:h1NjWce9XRLGQEsW7wpKNCjG9DtNlClVuFLEZdDNbEs=
golang.org/x/text v0.3.0/go.mod h1:NqM8EUOU14njkJ3fqMW+pc6Ldnwhi/IjpwHt7yyuwOQ=
